
Microsoft Visual Studio Solution File, Format Version 12.00
# Visual Studio Version 17
VisualStudioVersion = 17.14.36414.22 d17.14
MinimumVisualStudioVersion = 10.0.40219.1
Project("{FAE04EC0-301F-11D3-BF4B-00C04F79EFBC}") = "NuvemShopApi", "NuvemShopApi\NuvemShopApi.csproj", "{8FDDFD06-B83F-41BB-9986-2EDE236B3FB3}"
EndProject
Project("{FAE04EC0-301F-11D3-BF4B-00C04F79EFBC}") = "DestakAPI", "DestakAPI\DestakAPI.csproj", "{9692A373-9380-4994-9665-44AEB5457ACD}"
EndProject
Global
	GlobalSection(SolutionConfigurationPlatforms) = preSolution
		Debug|Any CPU = Debug|Any CPU
		Release|Any CPU = Release|Any CPU
	EndGlobalSection
	GlobalSection(ProjectConfigurationPlatforms) = postSolution
		{8FDDFD06-B83F-41BB-9986-2EDE236B3FB3}.Debug|Any CPU.ActiveCfg = Debug|Any CPU
		{8FDDFD06-B83F-41BB-9986-2EDE236B3FB3}.Debug|Any CPU.Build.0 = Debug|Any CPU
		{8FDDFD06-B83F-41BB-9986-2EDE236B3FB3}.Release|Any CPU.ActiveCfg = Release|Any CPU
		{8FDDFD06-B83F-41BB-9986-2EDE236B3FB3}.Release|Any CPU.Build.0 = Release|Any CPU
		{9692A373-9380-4994-9665-44AEB5457ACD}.Debug|Any CPU.ActiveCfg = Debug|Any CPU
		{9692A373-9380-4994-9665-44AEB5457ACD}.Debug|Any CPU.Build.0 = Debug|Any CPU
		{9692A373-9380-4994-9665-44AEB5457ACD}.Release|Any CPU.ActiveCfg = Release|Any CPU
		{9692A373-9380-4994-9665-44AEB5457ACD}.Release|Any CPU.Build.0 = Release|Any CPU
	EndGlobalSection
	GlobalSection(SolutionProperties) = preSolution
		HideSolutionNode = FALSE
	EndGlobalSection
	GlobalSection(ExtensibilityGlobals) = postSolution
		SolutionGuid = {8FCE6924-C09F-45F7-A0E4-F66191C72221}
	EndGlobalSection
EndGlobal
